{
  "requires": true,
  "lockfileVersion": 1,
  "dependencies": {
    "canvas-renderer": {
      "version": "2.1.1",
      "resolved": "https://registry.npmjs.org/canvas-renderer/-/canvas-renderer-2.1.1.tgz",
      "integrity": "sha512-/V0XetN7s1Mk3NO7x2wxPZYv0pLMQtGAhecuOuKR88beiYCUle1AbCcFZNLu+4NVzi9RVHS0rXtIgzPEaKidLw=="
    },
    "jdenticon": {
      "version": "2.1.1",
      "resolved": "https://registry.npmjs.org/jdenticon/-/jdenticon-2.1.1.tgz",
      "integrity": "sha512-bFD210JMaK2RMHGSkdDXqdQzasMrVIGDfxUMXD/Uwq2t7g9Njb4T6kms5TrocsLU0CDmQCoB0laGJ6JETiprsg==",
      "requires": {
        "canvas-renderer": "2.1.1"
      }
    }
  }
}
